
Microsoft Visual Studio Solution File, Format Version 12.00
# Visual Studio Version 16
VisualStudioVersion = 16.0.29519.87
MinimumVisualStudioVersion = 10.0.40219.1
Project("{FAE04EC0-301F-11D3-BF4B-00C04F79EFBC}") = "F1Client-net", "F1Client-net.csproj", "{AC1984E3-3491-4A5B-8B2F-DF9DBDC97DB8}"
EndProject
Global
	GlobalSection(SolutionConfigurationPlatforms) = preSolution
		Debug|Any CPU = Debug|Any CPU
		Release|Any CPU = Release|Any CPU
	EndGlobalSection
	GlobalSection(ProjectConfigurationPlatforms) = postSolution
		{AC1984E3-3491-4A5B-8B2F-DF9DBDC97DB8}.Debug|Any CPU.ActiveCfg = Release|Any CPU
		{AC1984E3-3491-4A5B-8B2F-DF9DBDC97DB8}.Debug|Any CPU.Build.0 = Release|Any CPU
		{AC1984E3-3491-4A5B-8B2F-DF9DBDC97DB8}.Release|Any CPU.ActiveCfg = Release|Any CPU
		{AC1984E3-3491-4A5B-8B2F-DF9DBDC97DB8}.Release|Any CPU.Build.0 = Release|Any CPU
	EndGlobalSection
	GlobalSection(SolutionProperties) = preSolution
		HideSolutionNode = FALSE
	EndGlobalSection
	GlobalSection(ExtensibilityGlobals) = postSolution
		SolutionGuid = {F2A58FFF-CA5A-4DBF-B543-AF274536146B}
	EndGlobalSection
EndGlobal
